// !$*UTF8*$!
{
	archiveVersion = 1;
	classes = {
	};
	objectVersion = 77;
	objects = {

/* Begin PBXContainerItemProxy section */
		34190B682F8D4AD10047656A /* PBXContainerItemProxy */ = {
			isa = PBXContainerItemProxy;
			containerPortal = 34190B522F8D4AD00047656A /* Project object */;
			proxyType = 1;
			remoteGlobalIDString = 34190B592F8D4AD00047656A;
			remoteInfo = CinemaScope;
		};
		34190B722F8D4AD10047656A /* PBXContainerItemProxy */ = {
			isa = PBXContainerItemProxy;
			containerPortal = 34190B522F8D4AD00047656A /* Project object */;
			proxyType = 1;
			remoteGlobalIDString = 34190B592F8D4AD00047656A;
			remoteInfo = CinemaScope;
		};
/* End PBXContainerItemProxy section */

/* Begin PBXFileReference section */
		34190B5A2F8D4AD00047656A /* CinemaScope.app */ = {isa = PBXFileReference; explicitFileType = wrapper.application; includeInIndex = 0; path = CinemaScope.app; sourceTree = BUILT_PRODUCTS_DIR; };
		34190B672F8D4AD10047656A /* CinemaScopeTests.xctest */ = {isa = PBXFileReference; explicitFileType = wrapper.cfbundle; includeInIndex = 0; path = CinemaScopeTests.xctest; sourceTree = BUILT_PRODUCTS_DIR; };
		34190B712F8D4AD10047656A /* CinemaScopeUITests.xctest */ = {isa = PBXFileReference; explicitFileType = wrapper.cfbundle; includeInIndex = 0; path = CinemaScopeUITests.xctest; sourceTree = BUILT_PRODUCTS_DIR; };
/* End PBXFileReference section */

/* Begin PBXFileSystemSynchronizedBuildFileExceptionSet section */
		34190BC12F8D53480047656A /* Exceptions for "CinemaScope" folder in "CinemaScope" target */ = {
			isa = PBXFileSystemSynchronizedBuildFileExceptionSet;
			membershipExceptions = (
				App/Info.plist,
			);
			target = 34190B592F8D4AD00047656A /* CinemaScope */;
		};
/* End PBXFileSystemSynchronizedBuildFileExceptionSet section */

/* Begin PBXFileSystemSynchronizedRootGroup section */
		34190B5C2F8D4AD00047656A /* CinemaScope */ = {
			isa = PBXFileSystemSynchronizedRootGroup;
			exceptions = (
				34190BC12F8D53480047656A /* Exceptions for "CinemaScope" folder in "CinemaScope" target */,
			);
			path = CinemaScope;
			sourceTree = "<group>";
		};
		34190B6A2F8D4AD10047656A /* CinemaScopeTests */ = {
			isa = PBXFileSystemSynchronizedRootGroup;
			path = CinemaScopeTests;
			sourceTree = "<group>";
		};
		34190B742F8D4AD10047656A /* CinemaScopeUITests */ = {
			isa = PBXFileSystemSynchronizedRootGroup;
			path = CinemaScopeUITests;
			sourceTree = "<group>";
		};
/* End PBXFileSystemSynchronizedRootGroup section */

/* Begin PBXFrameworksBuildPhase section */
		34190B572F8D4AD00047656A /* Frameworks */ = {
			isa = PBXFrameworksBuildPhase;
			buildActionMask = 2147483647;
			files = (
			);
			runOnlyForDeploymentPostprocessing = 0;
		};
		34190B642F8D4AD10047656A /* Frameworks */ = {
			isa = PBXFrameworksBuildPhase;
			buildActionMask = 2147483647;
			files = (
			);
			runOnlyForDeploymentPostprocessing = 0;
		};
		34190B6E2F8D4AD10047656A /* Frameworks */ = {
			isa = PBXFrameworksBuildPhase;
			buildActionMask = 2147483647;
			files = (
			);
			runOnlyForDeploymentPostprocessing = 0;
		};
/* End PBXFrameworksBuildPhase section */

/* Begin PBXGroup section */
		34190B512F8D4AD00047656A = {
			isa = PBXGroup;
			children = (
				34190B5C2F8D4AD00047656A /* CinemaScope */,
				34190B6A2F8D4AD10047656A /* CinemaScopeTests */,
				34190B742F8D4AD10047656A /* CinemaScopeUITests */,
				34190B5B2F8D4AD00047656A /* Products */,
			);
			sourceTree = "<group>";
		};
		34190B5B2F8D4AD00047656A /* Products */ = {
			isa = PBXGroup;
			children = (
				34190B5A2F8D4AD00047656A /* CinemaScope.app */,
				34190B672F8D4AD10047656A /* CinemaScopeTests.xctest */,
				34190B712F8D4AD10047656A /* CinemaScopeUITests.xctest */,
			);
			name = Products;
			sourceTree = "<group>";
		};
/* End PBXGroup section */

/* Begin PBXNativeTarget section */
		34190B592F8D4AD00047656A /* CinemaScope */ = {
			isa = PBXNativeTarget;
			buildConfigurationList = 34190B7B2F8D4AD10047656A /* Build configuration list for PBXNativeTarget "CinemaScope" */;
			buildPhases = (
				34190B562F8D4AD00047656A /* Sources */,
				34190B572F8D4AD00047656A /* Frameworks */,
				34190B582F8D4AD00047656A /* Resources */,
			);
			buildRules = (
			);
			dependencies = (
			);
			fileSystemSynchronizedGroups = (
				34190B5C2F8D4AD00047656A /* CinemaScope */,
			);
			name = CinemaScope;
			packageProductDependencies = (
			);
			productName = CinemaScope;
			productReference = 34190B5A2F8D4AD00047656A /* CinemaScope.app */;
			productType = "com.apple.product-type.application";
		};
		34190B662F8D4AD10047656A /* CinemaScopeTests */ = {
			isa = PBXNativeTarget;
			buildConfigurationList = 34190B7E2F8D4AD10047656A /* Build configuration list for PBXNativeTarget "CinemaScopeTests" */;
			buildPhases = (
				34190B632F8D4AD10047656A /* Sources */,
				34190B642F8D4AD10047656A /* Frameworks */,
				34190B652F8D4AD10047656A /* Resources */,
			);
			buildRules = (
			);
			dependencies = (
				34190B692F8D4AD10047656A /* PBXTargetDependency */,
			);
			fileSystemSynchronizedGroups = (
				34190B6A2F8D4AD10047656A /* CinemaScopeTests */,
			);
			name = CinemaScopeTests;
			packageProductDependencies = (
			);
			productName = CinemaScopeTests;
			productReference = 34190B672F8D4AD10047656A /* CinemaScopeTests.xctest */;
			productType = "com.apple.product-type.bundle.unit-test";
		};
		34190B702F8D4AD10047656A /* CinemaScopeUITests */ = {
			isa = PBXNativeTarget;
			buildConfigurationList = 34190B812F8D4AD10047656A /* Build configuration list for PBXNativeTarget "CinemaScopeUITests" */;
			buildPhases = (
				34190B6D2F8D4AD10047656A /* Sources */,
				34190B6E2F8D4AD10047656A /* Frameworks */,
				34190B6F2F8D4AD10047656A /* Resources */,
			);
			buildRules = (
			);
			dependencies = (
				34190B732F8D4AD10047656A /* PBXTargetDependency */,
			);
			fileSystemSynchronizedGroups = (
				34190B742F8D4AD10047656A /* CinemaScopeUITests */,
			);
			name = CinemaScopeUITests;
			packageProductDependencies = (
			);
			productName = CinemaScopeUITests;
			productReference = 34190B712F8D4AD10047656A /* CinemaScopeUITests.xctest */;
			productType = "com.apple.product-type.bundle.ui-testing";
		};
/* End PBXNativeTarget section */

/* Begin PBXProject section */
		34190B522F8D4AD00047656A /* Project object */ = {
			isa = PBXProject;
			attributes = {
				BuildIndependentTargetsInParallel = 1;
				LastSwiftUpdateCheck = 1640;
				LastUpgradeCheck = 1640;
				TargetAttributes = {
					34190B592F8D4AD00047656A = {
						CreatedOnToolsVersion = 16.4;
					};
					34190B662F8D4AD10047656A = {
						CreatedOnToolsVersion = 16.4;
						TestTargetID = 34190B592F8D4AD00047656A;
					};
					34190B702F8D4AD10047656A = {
						CreatedOnToolsVersion = 16.4;
						TestTargetID = 34190B592F8D4AD00047656A;
					};
				};
			};
			buildConfigurationList = 34190B552F8D4AD00047656A /* Build configuration list for PBXProject "CinemaScope" */;
			developmentRegion = en;
			hasScannedForEncodings = 0;
			knownRegions = (
				en,
				Base,
			);
			mainGroup = 34190B512F8D4AD00047656A;
			minimizedProjectReferenceProxies = 1;
			packageReferences = (
			);
			preferredProjectObjectVersion = 77;
			productRefGroup = 34190B5B2F8D4AD00047656A /* Products */;
			projectDirPath = "";
			projectRoot = "";
			targets = (
				34190B592F8D4AD00047656A /* CinemaScope */,
				34190B662F8D4AD10047656A /* CinemaScopeTests */,
				34190B702F8D4AD10047656A /* CinemaScopeUITests */,
			);
		};
/* End PBXProject section */

/* Begin PBXResourcesBuildPhase section */
		34190B582F8D4AD00047656A /* Resources */ = {
			isa = PBXResourcesBuildPhase;
			buildActionMask = 2147483647;
			files = (
			);
			runOnlyForDeploymentPostprocessing = 0;
		};
		34190B652F8D4AD10047656A /* Resources */ = {
			isa = PBXResourcesBuildPhase;
			buildActionMask = 2147483647;
			files = (
			);
			runOnlyForDeploymentPostprocessing = 0;
		};
		34190B6F2F8D4AD10047656A /* Resources */ = {
			isa = PBXResourcesBuildPhase;
			buildActionMask = 2147483647;
			files = (
			);
			runOnlyForDeploymentPostprocessing = 0;
		};
/* End PBXResourcesBuildPhase section */

/* Begin PBXSourcesBuildPhase section */
		34190B562F8D4AD00047656A /* Sources */ = {
			isa = PBXSourcesBuildPhase;
			buildActionMask = 2147483647;
			files = (
			);
			runOnlyForDeploymentPostprocessing = 0;
		};
		34190B632F8D4AD10047656A /* Sources */ = {
			isa = PBXSourcesBuildPhase;
			buildActionMask = 2147483647;
			files = (
			);
			runOnlyForDeploymentPostprocessing = 0;
		};
		34190B6D2F8D4AD10047656A /* Sources */ = {
			isa = PBXSourcesBuildPhase;
			buildActionMask = 2147483647;
			files = (
			);
			runOnlyForDeploymentPostprocessing = 0;
		};
/* End PBXSourcesBuildPhase section */

/* Begin PBXTargetDependency section */
		34190B692F8D4AD10047656A /* PBXTargetDependency */ = {
			isa = PBXTargetDependency;
			target = 34190B592F8D4AD00047656A /* CinemaScope */;
			targetProxy = 34190B682F8D4AD10047656A /* PBXContainerItemProxy */;
		};
		34190B732F8D4AD10047656A /* PBXTargetDependency */ = {
			isa = PBXTargetDependency;
			target = 34190B592F8D4AD00047656A /* CinemaScope */;
			targetProxy = 34190B722F8D4AD10047656A /* PBXContainerItemProxy */;
		};
/* End PBXTargetDependency section */

/* Begin XCBuildConfiguration section */
		34190B792F8D4AD10047656A /* Debug */ = {
			isa = XCBuildConfiguration;
			buildSettings = {
				ALWAYS_SEARCH_USER_PATHS = NO;
				ASSETCATALOG_COMPILER_GENERATE_SWIFT_ASSET_SYMBOL_EXTENSIONS = YES;
				CLANG_ANALYZER_NONNULL = YES;
				CLANG_ANALYZER_NUMBER_OBJECT_CONVERSION = YES_AGGRESSIVE;
				CLANG_CXX_LANGUAGE_STANDARD = "gnu++20";
				CLANG_ENABLE_MODULES = YES;
				CLANG_ENABLE_OBJC_ARC = YES;
				CLANG_ENABLE_OBJC_WEAK = YES;
				CLANG_WARN_BLOCK_CAPTURE_AUTORELEASING = YES;
				CLANG_WARN_BOOL_CONVERSION = YES;
				CLANG_WARN_COMMA = YES;
				CLANG_WARN_CONSTANT_CONVERSION = YES;
				CLANG_WARN_DEPRECATED_OBJC_IMPLEMENTATIONS = YES;
				CLANG_WARN_DIRECT_OBJC_ISA_USAGE = YES_ERROR;
				CLANG_WARN_DOCUMENTATION_COMMENTS = YES;
				CLANG_WARN_EMPTY_BODY = YES;
				CLANG_WARN_ENUM_CONVERSION = YES;
				CLANG_WARN_INFINITE_RECURSION = YES;
				CLANG_WARN_INT_CONVERSION = YES;
				CLANG_WARN_NON_LITERAL_NULL_CONVERSION = YES;
				CLANG_WARN_OBJC_IMPLICIT_RETAIN_SELF = YES;
				CLANG_WARN_OBJC_LITERAL_CONVERSION = YES;
				CLANG_WARN_OBJC_ROOT_CLASS = YES_ERROR;
				CLANG_WARN_QUOTED_INCLUDE_IN_FRAMEWORK_HEADER = YES;
				CLANG_WARN_RANGE_LOOP_ANALYSIS = YES;
				CLANG_WARN_STRICT_PROTOTYPES = YES;
				CLANG_WARN_SUSPICIOUS_MOVE = YES;
				CLANG_WARN_UNGUARDED_AVAILABILITY = YES_AGGRESSIVE;
				CLANG_WARN_UNREACHABLE_CODE = YES;
				CLANG_WARN__DUPLICATE_METHOD_MATCH = YES;
				COPY_PHASE_STRIP = NO;
				DEBUG_INFORMATION_FORMAT = dwarf;
				DEVELOPMENT_TEAM = 58CT99M3QP;
				ENABLE_STRICT_OBJC_MSGSEND = YES;
				ENABLE_TESTABILITY = YES;
				ENABLE_USER_SCRIPT_SANDBOXING = YES;
				GCC_C_LANGUAGE_STANDARD = gnu17;
				GCC_DYNAMIC_NO_PIC = NO;
				GCC_NO_COMMON_BLOCKS = YES;
				GCC_OPTIMIZATION_LEVEL = 0;
				GCC_PREPROCESSOR_DEFINITIONS = (
					"DEBUG=1",
					"$(inherited)",
				);
				GCC_WARN_64_TO_32_BIT_CONVERSION = YES;
				GCC_WARN_ABOUT_RETURN_TYPE = YES_ERROR;
				GCC_WARN_UNDECLARED_SELECTOR = YES;
				GCC_WARN_UNINITIALIZED_AUTOS = YES_AGGRESSIVE;
				GCC_WARN_UNUSED_FUNCTION = YES;
				GCC_WARN_UNUSED_VARIABLE = YES;
				LOCALIZATION_PREFERS_STRING_CATALOGS = YES;
				MTL_ENABLE_DEBUG_INFO = INCLUDE_SOURCE;
				MTL_FAST_MATH = YES;
				ONLY_ACTIVE_ARCH = YES;
				SDKROOT = appletvos;
				SWIFT_ACTIVE_COMPILATION_CONDITIONS = "DEBUG $(inherited)";
				SWIFT_OPTIMIZATION_LEVEL = "-Onone";
				TVOS_DEPLOYMENT_TARGET = 18.5;
			};
			name = Debug;
		};
		34190B7A2F8D4AD10047656A /* Release */ = {
			isa = XCBuildConfiguration;
			buildSettings = {
				ALWAYS_SEARCH_USER_PATHS = NO;
				ASSETCATALOG_COMPILER_GENERATE_SWIFT_ASSET_SYMBOL_EXTENSIONS = YES;
				CLANG_ANALYZER_NONNULL = YES;
				CLANG_ANALYZER_NUMBER_OBJECT_CONVERSION = YES_AGGRESSIVE;
				CLANG_CXX_LANGUAGE_STANDARD = "gnu++20";
				CLANG_ENABLE_MODULES = YES;
				CLANG_ENABLE_OBJC_ARC = YES;
				CLANG_ENABLE_OBJC_WEAK = YES;
				CLANG_WARN_BLOCK_CAPTURE_AUTORELEASING = YES;
				CLANG_WARN_BOOL_CONVERSION = YES;
				CLANG_WARN_COMMA = YES;
				CLANG_WARN_CONSTANT_CONVERSION = YES;
				CLANG_WARN_DEPRECATED_OBJC_IMPLEMENTATIONS = YES;
				CLANG_WARN_DIRECT_OBJC_ISA_USAGE = YES_ERROR;
				CLANG_WARN_DOCUMENTATION_COMMENTS = YES;
				CLANG_WARN_EMPTY_BODY = YES;
				CLANG_WARN_ENUM_CONVERSION = YES;
				CLANG_WARN_INFINITE_RECURSION = YES;
				CLANG_WARN_INT_CONVERSION = YES;
				CLANG_WARN_NON_LITERAL_NULL_CONVERSION = YES;
				CLANG_WARN_OBJC_IMPLICIT_RETAIN_SELF = YES;
				CLANG_WARN_OBJC_LITERAL_CONVERSION = YES;
				CLANG_WARN_OBJC_ROOT_CLASS = YES_ERROR;
				CLANG_WARN_QUOTED_INCLUDE_IN_FRAMEWORK_HEADER = YES;
				CLANG_WARN_RANGE_LOOP_ANALYSIS = YES;
				CLANG_WARN_STRICT_PROTOTYPES = YES;
				CLANG_WARN_SUSPICIOUS_MOVE = YES;
				CLANG_WARN_UNGUARDED_AVAILABILITY = YES_AGGRESSIVE;
				CLANG_WARN_UNREACHABLE_CODE = YES;
				CLANG_WARN__DUPLICATE_METHOD_MATCH = YES;
				COPY_PHASE_STRIP = NO;
				DEBUG_INFORMATION_FORMAT = "dwarf-with-dsym";
				DEVELOPMENT_TEAM = 58CT99M3QP;
				ENABLE_NS_ASSERTIONS = NO;
				ENABLE_STRICT_OBJC_MSGSEND = YES;
				ENABLE_USER_SCRIPT_SANDBOXING = YES;
				GCC_C_LANGUAGE_STANDARD = gnu17;
				GCC_NO_COMMON_BLOCKS = YES;
				GCC_WARN_64_TO_32_BIT_CONVERSION = YES;
				GCC_WARN_ABOUT_RETURN_TYPE = YES_ERROR;
				GCC_WARN_UNDECLARED_SELECTOR = YES;
				GCC_WARN_UNINITIALIZED_AUTOS = YES_AGGRESSIVE;
				GCC_WARN_UNUSED_FUNCTION = YES;
				GCC_WARN_UNUSED_VARIABLE = YES;
				LOCALIZATION_PREFERS_STRING_CATALOGS = YES;
				MTL_ENABLE_DEBUG_INFO = NO;
				MTL_FAST_MATH = YES;
				SDKROOT = appletvos;
				SWIFT_COMPILATION_MODE = wholemodule;
				TVOS_DEPLOYMENT_TARGET = 18.5;
				VALIDATE_PRODUCT = YES;
			};
			name = Release;
		};
		34190B7C2F8D4AD10047656A /* Debug */ = {
			isa = XCBuildConfiguration;
			buildSettings = {
				ASSETCATALOG_COMPILER_APPICON_NAME = "App Icon & Top Shelf Image";
				ASSETCATALOG_COMPILER_GLOBAL_ACCENT_COLOR_NAME = AccentColor;
				CODE_SIGN_STYLE = Automatic;
				CURRENT_PROJECT_VERSION = 1;
				DEVELOPMENT_TEAM = 58CT99M3QP;
				ENABLE_PREVIEWS = YES;
				GENERATE_INFOPLIST_FILE = YES;
				INFOPLIST_FILE = CinemaScope/App/Info.plist;
				INFOPLIST_KEY_LSApplicationCategoryType = "";
				INFOPLIST_KEY_UILaunchScreen_Generation = YES;
				INFOPLIST_KEY_UIUserInterfaceStyle = Automatic;
				LD_RUNPATH_SEARCH_PATHS = (
					"$(inherited)",
					"@executable_path/Frameworks",
				);
				MARKETING_VERSION = 1.0;
				PRODUCT_BUNDLE_IDENTIFIER = SMR.CinemaScope;
				PRODUCT_NAME = "$(TARGET_NAME)";
				SWIFT_EMIT_LOC_STRINGS = YES;
				SWIFT_VERSION = 5.0;
				TARGETED_DEVICE_FAMILY = 3;
			};
			name = Debug;
		};
		34190B7D2F8D4AD10047656A /* Release */ = {
			isa = XCBuildConfiguration;
			buildSettings = {
				ASSETCATALOG_COMPILER_APPICON_NAME = "App Icon & Top Shelf Image";
				ASSETCATALOG_COMPILER_GLOBAL_ACCENT_COLOR_NAME = AccentColor;
				CODE_SIGN_STYLE = Automatic;
				CURRENT_PROJECT_VERSION = 1;
				DEVELOPMENT_TEAM = 58CT99M3QP;
				ENABLE_PREVIEWS = YES;
				GENERATE_INFOPLIST_FILE = YES;
				INFOPLIST_FILE = CinemaScope/App/Info.plist;
				INFOPLIST_KEY_LSApplicationCategoryType = "";
				INFOPLIST_KEY_UILaunchScreen_Generation = YES;
				INFOPLIST_KEY_UIUserInterfaceStyle = Automatic;
				LD_RUNPATH_SEARCH_PATHS = (
					"$(inherited)",
					"@executable_path/Frameworks",
				);
				MARKETING_VERSION = 1.0;
				PRODUCT_BUNDLE_IDENTIFIER = SMR.CinemaScope;
				PRODUCT_NAME = "$(TARGET_NAME)";
				SWIFT_EMIT_LOC_STRINGS = YES;
				SWIFT_VERSION = 5.0;
				TARGETED_DEVICE_FAMILY = 3;
			};
			name = Release;
		};
		34190B7F2F8D4AD10047656A /* Debug */ = {
			isa = XCBuildConfiguration;
			buildSettings = {
				BUNDLE_LOADER = "$(TEST_HOST)";
				CODE_SIGN_STYLE = Automatic;
				CURRENT_PROJECT_VERSION = 1;
				DEVELOPMENT_TEAM = 58CT99M3QP;
				GENERATE_INFOPLIST_FILE = YES;
				MARKETING_VERSION = 1.0;
				PRODUCT_BUNDLE_IDENTIFIER = SMR.CinemaScopeTests;
				PRODUCT_NAME = "$(TARGET_NAME)";
				SWIFT_EMIT_LOC_STRINGS = NO;
				SWIFT_VERSION = 5.0;
				TARGETED_DEVICE_FAMILY = 3;
				TEST_HOST = "$(BUILT_PRODUCTS_DIR)/CinemaScope.app/$(BUNDLE_EXECUTABLE_FOLDER_PATH)/CinemaScope";
				TVOS_DEPLOYMENT_TARGET = 18.5;
			};
			name = Debug;
		};
		34190B802F8D4AD10047656A /* Release */ = {
			isa = XCBuildConfiguration;
			buildSettings = {
				BUNDLE_LOADER = "$(TEST_HOST)";
				CODE_SIGN_STYLE = Automatic;
				CURRENT_PROJECT_VERSION = 1;
				DEVELOPMENT_TEAM = 58CT99M3QP;
				GENERATE_INFOPLIST_FILE = YES;
				MARKETING_VERSION = 1.0;
				PRODUCT_BUNDLE_IDENTIFIER = SMR.CinemaScopeTests;
				PRODUCT_NAME = "$(TARGET_NAME)";
				SWIFT_EMIT_LOC_STRINGS = NO;
				SWIFT_VERSION = 5.0;
				TARGETED_DEVICE_FAMILY = 3;
				TEST_HOST = "$(BUILT_PRODUCTS_DIR)/CinemaScope.app/$(BUNDLE_EXECUTABLE_FOLDER_PATH)/CinemaScope";
				TVOS_DEPLOYMENT_TARGET = 18.5;
			};
			name = Release;
		};
		34190B822F8D4AD10047656A /* Debug */ = {
			isa = XCBuildConfiguration;
			buildSettings = {
				CODE_SIGN_STYLE = Automatic;
				CURRENT_PROJECT_VERSION = 1;
				DEVELOPMENT_TEAM = 58CT99M3QP;
				GENERATE_INFOPLIST_FILE = YES;
				MARKETING_VERSION = 1.0;
				PRODUCT_BUNDLE_IDENTIFIER = SMR.CinemaScopeUITests;
				PRODUCT_NAME = "$(TARGET_NAME)";
				SWIFT_EMIT_LOC_STRINGS = NO;
				SWIFT_VERSION = 5.0;
				TARGETED_DEVICE_FAMILY = 3;
				TEST_TARGET_NAME = CinemaScope;
			};
			name = Debug;
		};
		34190B832F8D4AD10047656A /* Release */ = {
			isa = XCBuildConfiguration;
			buildSettings = {
				CODE_SIGN_STYLE = Automatic;
				CURRENT_PROJECT_VERSION = 1;
				DEVELOPMENT_TEAM = 58CT99M3QP;
				GENERATE_INFOPLIST_FILE = YES;
				MARKETING_VERSION = 1.0;
				PRODUCT_BUNDLE_IDENTIFIER = SMR.CinemaScopeUITests;
				PRODUCT_NAME = "$(TARGET_NAME)";
				SWIFT_EMIT_LOC_STRINGS = NO;
				SWIFT_VERSION = 5.0;
				TARGETED_DEVICE_FAMILY = 3;
				TEST_TARGET_NAME = CinemaScope;
			};
			name = Release;
		};
/* End XCBuildConfiguration section */

/* Begin XCConfigurationList section */
		34190B552F8D4AD00047656A /* Build configuration list for PBXProject "CinemaScope" */ = {
			isa = XCConfigurationList;
			buildConfigurations = (
				34190B792F8D4AD10047656A /* Debug */,
				34190B7A2F8D4AD10047656A /* Release */,
			);
			defaultConfigurationIsVisible = 0;
			defaultConfigurationName = Release;
		};
		34190B7B2F8D4AD10047656A /* Build configuration list for PBXNativeTarget "CinemaScope" */ = {
			isa = XCConfigurationList;
			buildConfigurations = (
				34190B7C2F8D4AD10047656A /* Debug */,
				34190B7D2F8D4AD10047656A /* Release */,
			);
			defaultConfigurationIsVisible = 0;
			defaultConfigurationName = Release;
		};
		34190B7E2F8D4AD10047656A /* Build configuration list for PBXNativeTarget "CinemaScopeTests" */ = {
			isa = XCConfigurationList;
			buildConfigurations = (
				34190B7F2F8D4AD10047656A /* Debug */,
				34190B802F8D4AD10047656A /* Release */,
			);
			defaultConfigurationIsVisible = 0;
			defaultConfigurationName = Release;
		};
		34190B812F8D4AD10047656A /* Build configuration list for PBXNativeTarget "CinemaScopeUITests" */ = {
			isa = XCConfigurationList;
			buildConfigurations = (
				34190B822F8D4AD10047656A /* Debug */,
				34190B832F8D4AD10047656A /* Release */,
			);
			defaultConfigurationIsVisible = 0;
			defaultConfigurationName = Release;
		};
/* End XCConfigurationList section */
	};
	rootObject = 34190B522F8D4AD00047656A /* Project object */;
}
